
Microsoft Visual Studio Solution File, Format Version 12.00
# Visual Studio 2015
Project("{FAE04EC0-301F-11D3-BF4B-00C04F79EFBC}") = "TestOne.CSharp", "TestOne.CSharp.csproj", "{B17D47B1-52A4-4EA1-769E-5CFAC905D794}"
EndProject
Global
	GlobalSection(SolutionConfigurationPlatforms) = preSolution
		Debug|Any CPU = Debug|Any CPU
		Release|Any CPU = Release|Any CPU
	EndGlobalSection
	GlobalSection(ProjectConfigurationPlatforms) = postSolution
		{B17D47B1-52A4-4EA1-769E-5CFAC905D794}.Debug|Any CPU.ActiveCfg = Debug|Any CPU
		{B17D47B1-52A4-4EA1-769E-5CFAC905D794}.Debug|Any CPU.Build.0 = Debug|Any CPU
		{B17D47B1-52A4-4EA1-769E-5CFAC905D794}.Release|Any CPU.ActiveCfg = Release|Any CPU
		{B17D47B1-52A4-4EA1-769E-5CFAC905D794}.Release|Any CPU.Build.0 = Release|Any CPU
	EndGlobalSection
	GlobalSection(SolutionProperties) = preSolution
		HideSolutionNode = FALSE
	EndGlobalSection
EndGlobal
